<?xml version="1.0" encoding="utf-8"?>
<Project ToolsVersion="4.0" xmlns="http://schemas.microsoft.com/developer/msbuild/2003">
  <ItemGroup>
    <Filter Include="Quelldateien">
      <UniqueIdentifier>{4FC737F1-C7A5-4376-A066-2A32D752A2FF}</UniqueIdentifier>
      <Extensions>cpp;c;cc;cxx;c++;def;odl;idl;hpj;bat;asm;asmx</Extensions>
    </Filter>
    <Filter Include="Headerdateien">
      <UniqueIdentifier>{93995380-89BD-4b04-88EB-625FBE52EBFB}</UniqueIdentifier>
      <Extensions>h;hh;hpp;hxx;h++;hm;inl;inc;ipp;xsd</Extensions>
    </Filter>
    <Filter Include="Ressourcendateien">
      <UniqueIdentifier>{67DA6AB6-F800-4c08-8B7A-83BB121AAD01}</UniqueIdentifier>
      <Extensions>rc;ico;cur;bmp;dlg;rc2;rct;bin;rgs;gif;jpg;jpeg;jpe;resx;tiff;tif;png;wav;mfcribbon-ms</Extensions>
    </Filter>
  </ItemGroup>
  <ItemGroup>
    <ClCompile Include="src\WinMain.cpp">
      <Filter>Quelldateien</Filter>
    </ClCompile>
    <ClCompile Include="src\WindowFramework\WindowProc.cpp">
      <Filter>Quelldateien</Filter>
    </ClCompile>
    <ClCompile Include="src\WindowFramework\Window.cpp">
      <Filter>Quelldateien</Filter>
    </ClCompile>
    <ClCompile Include="src\Graffics\DirectXContext\d3d_Device.cpp">
      <Filter>Quelldateien</Filter>
    </ClCompile>
    <ClCompile Include="src\Graffics\DirectXContext\d3d_SwapChain.cpp">
      <Filter>Quelldateien</Filter>
    </ClCompile>
    <ClCompile Include="src\Graffics\DirectXContext\d3d_View.cpp">
      <Filter>Quelldateien</Filter>
    </ClCompile>
    <ClCompile Include="src\Application\Flow.cpp">
      <Filter>Quelldateien</Filter>
    </ClCompile>
    <ClCompile Include="src\Game\Game.cpp">
      <Filter>Quelldateien</Filter>
    </ClCompile>
    <ClCompile Include="src\Loading\Blobs\d3dBlogLoader.cpp">
      <Filter>Quelldateien</Filter>
    </ClCompile>
    <ClCompile Include="src\Graffics\DirectXContext\d3d_psoFactory.cpp">
      <Filter>Quelldateien</Filter>
    </ClCompile>
    <ClCompile Include="src\Loading\Images\WIC_ImageLoader.cpp">
      <Filter>Quelldateien</Filter>
    </ClCompile>
  </ItemGroup>
  <ItemGroup>
    <ClInclude Include="src\WindowFramework\WindowProc.h">
      <Filter>Headerdateien</Filter>
    </ClInclude>
    <ClInclude Include="src\WindowFramework\IMessageReciver.h">
      <Filter>Headerdateien</Filter>
    </ClInclude>
    <ClInclude Include="src\WindowFramework\Window.h">
      <Filter>Headerdateien</Filter>
    </ClInclude>
    <ClInclude Include="src\Graffics\DirectXContext\d3d_Device.h">
      <Filter>Headerdateien</Filter>
    </ClInclude>
    <ClInclude Include="src\Graffics\gfxCommon.h">
      <Filter>Headerdateien</Filter>
    </ClInclude>
    <ClInclude Include="src\Graffics\DirectXContext\d3d_SwapChain.h">
      <Filter>Headerdateien</Filter>
    </ClInclude>
    <ClInclude Include="src\Graffics\DirectXContext\d3d_View.h">
      <Filter>Headerdateien</Filter>
    </ClInclude>
    <ClInclude Include="src\Application\App.h">
      <Filter>Headerdateien</Filter>
    </ClInclude>
    <ClInclude Include="src\Application\Flow.h">
      <Filter>Headerdateien</Filter>
    </ClInclude>
    <ClInclude Include="src\Game\Game.h">
      <Filter>Headerdateien</Filter>
    </ClInclude>
    <ClInclude Include="src\Loading\Blobs\d3dBlogLoader.h">
      <Filter>Headerdateien</Filter>
    </ClInclude>
    <ClInclude Include="src\Graffics\DirectXContext\Buffers\d3d_FixedUploadBuffer.h">
      <Filter>Headerdateien</Filter>
    </ClInclude>
    <ClInclude Include="src\Graffics\DirectXContext\d3d_psoFactory.h">
      <Filter>Headerdateien</Filter>
    </ClInclude>
    <ClInclude Include="src\Loading\Images\WIC_ImageLoader.h">
      <Filter>Headerdateien</Filter>
    </ClInclude>
    <ClInclude Include="src\Graffics\DirectXContext\Buffers\d3d_VariableUploadBuffer.h">
      <Filter>Headerdateien</Filter>
    </ClInclude>
    <ClInclude Include="src\Graffics\DirectXContext\Texture\d3d_TextureUploader.h">
      <Filter>Headerdateien</Filter>
    </ClInclude>
  </ItemGroup>
  <ItemGroup>
    <FxCompile Include="src\Shader\SimpleVS.hlsl" />
    <FxCompile Include="src\Shader\SimplePS.hlsl" />
    <FxCompile Include="src\Shader\RootSignature.hlsl" />
  </ItemGroup>
</Project>